<Solution>
  <Project Path="Modules/Identity/BuildingBlocks.Identity.Contracts/BuildingBlocks.Identity.Contracts.csproj" />
  <Project Path="Modules/Identity/BuildingBlocks.Identity/BuildingBlocks.Identity.csproj" />
  <Project Path="BuildingBlocks.Core/BuildingBlocks.Core.csproj" />
  <Project Path="BuildingBlocks.Hosting/BuildingBlocks.Hosting.csproj" />
  <Project Path="BuildingBlocks.Infrastructure/BuildingBlocks.Infrastructure.csproj" />
  <Project Path="BuildingBlocks.Soap/BuildingBlocks.Soap.csproj" />
  <Project Path="BuildingBlocks.Tests/BuildingBlocks.Tests.csproj" />
</Solution>
